# THIS IS AN AUTOGENERATED FILE. DO NOT EDIT THIS FILE DIRECTLY.
# yarn lockfile v1


"@rollup/plugin-typescript@^12.0.0":
  version "12.3.0"
  resolved "https://registry.yarnpkg.com/@rollup/plugin-typescript/-/plugin-typescript-12.3.0.tgz#cc51b830973bc14c9456fe6532f322f2a40f5f12"
  integrity sha512-7DP0/p7y3t67+NabT9f8oTBFE6gGkto4SA6Np2oudYmZE/m1dt8RB0SjL1msMxFpLo631qjRCcBlAbq1ml/Big==
  dependencies:
    "@rollup/pluginutils" "^5.1.0"
    resolve "^1.22.1"

"@rollup/pluginutils@^5.1.0":
  version "5.3.0"
  resolved "https://registry.yarnpkg.com/@rollup/pluginutils/-/pluginutils-5.3.0.tgz#57ba1b0cbda8e7a3c597a4853c807b156e21a7b4"
  integrity sha512-5EdhGZtnu3V88ces7s53hhfK5KSASnJZv8Lulpc04cWO3REESroJXg73DFsOmgbU2BhwV0E20bu2IDZb3VKW4Q==
  dependencies:
    "@types/estree" "^1.0.0"
    estree-walker "^2.0.2"
    picomatch "^4.0.2"

"@rollup/rollup-android-arm-eabi@4.55.3":
  version "4.55.3"
  resolved "https://registry.yarnpkg.com/@rollup/rollup-android-arm-eabi/-/rollup-android-arm-eabi-4.55.3.tgz#87a6a7afdab9f2bded1a492030eb5559acd56c33"
  integrity sha512-qyX8+93kK/7R5BEXPC2PjUt0+fS/VO2BVHjEHyIEWiYn88rcRBHmdLgoJjktBltgAf+NY7RfCGB1SoyKS/p9kg==

"@rollup/rollup-android-arm64@4.55.3":
  version "4.55.3"
  resolved "https://registry.yarnpkg.com/@rollup/rollup-android-arm64/-/rollup-android-arm64-4.55.3.tgz#9f682da7d077ec40731cb262f90242cd7dbe3f67"
  integrity sha512-6sHrL42bjt5dHQzJ12Q4vMKfN+kUnZ0atHHnv4V0Wd9JMTk7FDzSY35+7qbz3ypQYMBPANbpGK7JpnWNnhGt8g==

"@rollup/rollup-darwin-arm64@4.55.3":
  version "4.55.3"
  resolved "https://registry.yarnpkg.com/@rollup/rollup-darwin-arm64/-/rollup-darwin-arm64-4.55.3.tgz#4bb3a056cd83fb071b82ba223d894925f7972ec1"
  integrity sha512-1ht2SpGIjEl2igJ9AbNpPIKzb1B5goXOcmtD0RFxnwNuMxqkR6AUaaErZz+4o+FKmzxcSNBOLrzsICZVNYa1Rw==

"@rollup/rollup-darwin-x64@4.55.3":
  version "4.55.3"
  resolved "https://registry.yarnpkg.com/@rollup/rollup-darwin-x64/-/rollup-darwin-x64-4.55.3.tgz#b399002e28210f79ca9547ae3ff57a1e460c50db"
  integrity sha512-FYZ4iVunXxtT+CZqQoPVwPhH7549e/Gy7PIRRtq4t5f/vt54pX6eG9ebttRH6QSH7r/zxAFA4EZGlQ0h0FvXiA==

"@rollup/rollup-freebsd-arm64@4.55.3":
  version "4.55.3"
  resolved "https://registry.yarnpkg.com/@rollup/rollup-freebsd-arm64/-/rollup-freebsd-arm64-4.55.3.tgz#96f93438d1c411fc0e976db18932aac999b098a0"
  integrity sha512-M/mwDCJ4wLsIgyxv2Lj7Len+UMHd4zAXu4GQ2UaCdksStglWhP61U3uowkaYBQBhVoNpwx5Hputo8eSqM7K82Q==

"@rollup/rollup-freebsd-x64@4.55.3":
  version "4.55.3"
  resolved "https://registry.yarnpkg.com/@rollup/rollup-freebsd-x64/-/rollup-freebsd-x64-4.55.3.tgz#aad876f5f6d9d81048109242e53b61697fa0cf4a"
  integrity sha512-5jZT2c7jBCrMegKYTYTpni8mg8y3uY8gzeq2ndFOANwNuC/xJbVAoGKR9LhMDA0H3nIhvaqUoBEuJoICBudFrA==

"@rollup/rollup-linux-arm-gnueabihf@4.55.3":
  version "4.55.3"
  resolved "https://registry.yarnpkg.com/@rollup/rollup-linux-arm-gnueabihf/-/rollup-linux-arm-gnueabihf-4.55.3.tgz#fe153dbc43532a7f35da142c9d6027bf14b54f24"
  integrity sha512-YeGUhkN1oA+iSPzzhEjVPS29YbViOr8s4lSsFaZKLHswgqP911xx25fPOyE9+khmN6W4VeM0aevbDp4kkEoHiA==

"@rollup/rollup-linux-arm-musleabihf@4.55.3":
  version "4.55.3"
  resolved "https://registry.yarnpkg.com/@rollup/rollup-linux-arm-musleabihf/-/rollup-linux-arm-musleabihf-4.55.3.tgz#ceeaf9db7e0544e86708e0cc19f631a8a6eb66ec"
  integrity sha512-eo0iOIOvcAlWB3Z3eh8pVM8hZ0oVkK3AjEM9nSrkSug2l15qHzF3TOwT0747omI6+CJJvl7drwZepT+re6Fy/w==

"@rollup/rollup-linux-arm64-gnu@4.55.3":
  version "4.55.3"
  resolved "https://registry.yarnpkg.com/@rollup/rollup-linux-arm64-gnu/-/rollup-linux-arm64-gnu-4.55.3.tgz#87567a81f7873746c43b1712360b86e1ebb9ff27"
  integrity sha512-DJay3ep76bKUDImmn//W5SvpjRN5LmK/ntWyeJs/dcnwiiHESd3N4uteK9FDLf0S0W8E6Y0sVRXpOCoQclQqNg==

"@rollup/rollup-linux-arm64-musl@4.55.3":
  version "4.55.3"
  resolved "https://registry.yarnpkg.com/@rollup/rollup-linux-arm64-musl/-/rollup-linux-arm64-musl-4.55.3.tgz#e6f8af6a8874f050708852f4b888a20f7fb1aad9"
  integrity sha512-BKKWQkY2WgJ5MC/ayvIJTHjy0JUGb5efaHCUiG/39sSUvAYRBaO3+/EK0AZT1RF3pSj86O24GLLik9mAYu0IJg==

"@rollup/rollup-linux-loong64-gnu@4.55.3":
  version "4.55.3"
  resolved "https://registry.yarnpkg.com/@rollup/rollup-linux-loong64-gnu/-/rollup-linux-loong64-gnu-4.55.3.tgz#69d8f0a5f2de9a14e6a6f653babe458b8e92c77e"
  integrity sha512-Q9nVlWtKAG7ISW80OiZGxTr6rYtyDSkauHUtvkQI6TNOJjFvpj4gcH+KaJihqYInnAzEEUetPQubRwHef4exVg==

"@rollup/rollup-linux-loong64-musl@4.55.3":
  version "4.55.3"
  resolved "https://registry.yarnpkg.com/@rollup/rollup-linux-loong64-musl/-/rollup-linux-loong64-musl-4.55.3.tgz#1636a3a3f20ee01fd82093455cc5962d47a46fe8"
  integrity sha512-2H5LmhzrpC4fFRNwknzmmTvvyJPHwESoJgyReXeFoYYuIDfBhP29TEXOkCJE/KxHi27mj7wDUClNq78ue3QEBQ==

"@rollup/rollup-linux-ppc64-gnu@4.55.3":
  version "4.55.3"
  resolved "https://registry.yarnpkg.com/@rollup/rollup-linux-ppc64-gnu/-/rollup-linux-ppc64-gnu-4.55.3.tgz#ae35795b51ea8c4a1615c02399906dd626b2ed5d"
  integrity sha512-9S542V0ie9LCTznPYlvaeySwBeIEa7rDBgLHKZ5S9DBgcqdJYburabm8TqiqG6mrdTzfV5uttQRHcbKff9lWtA==

"@rollup/rollup-linux-ppc64-musl@4.55.3":
  version "4.55.3"
  resolved "https://registry.yarnpkg.com/@rollup/rollup-linux-ppc64-musl/-/rollup-linux-ppc64-musl-4.55.3.tgz#1c66cecc79a6ba6b2f98303378a12ed015525dd4"
  integrity sha512-ukxw+YH3XXpcezLgbJeasgxyTbdpnNAkrIlFGDl7t+pgCxZ89/6n1a+MxlY7CegU+nDgrgdqDelPRNQ/47zs0g==

"@rollup/rollup-linux-riscv64-gnu@4.55.3":
  version "4.55.3"
  resolved "https://registry.yarnpkg.com/@rollup/rollup-linux-riscv64-gnu/-/rollup-linux-riscv64-gnu-4.55.3.tgz#ac6b0d9ff23ddcb4e27aefe149a87ec43a81ebc2"
  integrity sha512-Iauw9UsTTvlF++FhghFJjqYxyXdggXsOqGpFBylaRopVpcbfyIIsNvkf9oGwfgIcf57z3m8+/oSYTo6HutBFNw==

"@rollup/rollup-linux-riscv64-musl@4.55.3":
  version "4.55.3"
  resolved "https://registry.yarnpkg.com/@rollup/rollup-linux-riscv64-musl/-/rollup-linux-riscv64-musl-4.55.3.tgz#3f74ee61354db48040e0da9291dae00c7eb7bbae"
  integrity sha512-3OqKAHSEQXKdq9mQ4eajqUgNIK27VZPW3I26EP8miIzuKzCJ3aW3oEn2pzF+4/Hj/Moc0YDsOtBgT5bZ56/vcA==

"@rollup/rollup-linux-s390x-gnu@4.55.3":
  version "4.55.3"
  resolved "https://registry.yarnpkg.com/@rollup/rollup-linux-s390x-gnu/-/rollup-linux-s390x-gnu-4.55.3.tgz#b0645f9f7573522d157c84e2a3ac2849e07fcaf6"
  integrity sha512-0CM8dSVzVIaqMcXIFej8zZrSFLnGrAE8qlNbbHfTw1EEPnFTg1U1ekI0JdzjPyzSfUsHWtodilQQG/RA55berA==

"@rollup/rollup-linux-x64-gnu@4.55.3":
  version "4.55.3"
  resolved "https://registry.yarnpkg.com/@rollup/rollup-linux-x64-gnu/-/rollup-linux-x64-gnu-4.55.3.tgz#6a48ba9291425ddd26bbfa40f9367785e1dcb25d"
  integrity sha512-+fgJE12FZMIgBaKIAGd45rxf+5ftcycANJRWk8Vz0NnMTM5rADPGuRFTYar+Mqs560xuART7XsX2lSACa1iOmQ==

"@rollup/rollup-linux-x64-musl@4.55.3":
  version "4.55.3"
  resolved "https://registry.yarnpkg.com/@rollup/rollup-linux-x64-musl/-/rollup-linux-x64-musl-4.55.3.tgz#b42072070c91c0b01fbd4232edb5f6cb95211403"
  integrity sha512-tMD7NnbAolWPzQlJQJjVFh/fNH3K/KnA7K8gv2dJWCwwnaK6DFCYST1QXYWfu5V0cDwarWC8Sf/cfMHniNq21A==

"@rollup/rollup-openbsd-x64@4.55.3":
  version "4.55.3"
  resolved "https://registry.yarnpkg.com/@rollup/rollup-openbsd-x64/-/rollup-openbsd-x64-4.55.3.tgz#0e45317c4d92d9bfd23bf2989392fc04e29f7cd2"
  integrity sha512-u5KsqxOxjEeIbn7bUK1MPM34jrnPwjeqgyin4/N6e/KzXKfpE9Mi0nCxcQjaM9lLmPcHmn/xx1yOjgTMtu1jWQ==

"@rollup/rollup-openharmony-arm64@4.55.3":
  version "4.55.3"
  resolved "https://registry.yarnpkg.com/@rollup/rollup-openharmony-arm64/-/rollup-openharmony-arm64-4.55.3.tgz#197f8a69d84e7ad74e837d7f98e8119c6e8ba3ac"
  integrity sha512-vo54aXwjpTtsAnb3ca7Yxs9t2INZg7QdXN/7yaoG7nPGbOBXYXQY41Km+S1Ov26vzOAzLcAjmMdjyEqS1JkVhw==

"@rollup/rollup-win32-arm64-msvc@4.55.3":
  version "4.55.3"
  resolved "https://registry.yarnpkg.com/@rollup/rollup-win32-arm64-msvc/-/rollup-win32-arm64-msvc-4.55.3.tgz#3ebf0098f3116564fa6cd8a408b3a48b8dc9ac03"
  integrity sha512-HI+PIVZ+m+9AgpnY3pt6rinUdRYrGHvmVdsNQ4odNqQ/eRF78DVpMR7mOq7nW06QxpczibwBmeQzB68wJ+4W4A==

"@rollup/rollup-win32-ia32-msvc@4.55.3":
  version "4.55.3"
  resolved "https://registry.yarnpkg.com/@rollup/rollup-win32-ia32-msvc/-/rollup-win32-ia32-msvc-4.55.3.tgz#133b9ffc01f4471c5b1d9c00e5cf1cf426bf89e8"
  integrity sha512-vRByotbdMo3Wdi+8oC2nVxtc3RkkFKrGaok+a62AT8lz/YBuQjaVYAS5Zcs3tPzW43Vsf9J0wehJbUY5xRSekA==

"@rollup/rollup-win32-x64-gnu@4.55.3":
  version "4.55.3"
  resolved "https://registry.yarnpkg.com/@rollup/rollup-win32-x64-gnu/-/rollup-win32-x64-gnu-4.55.3.tgz#5a73687d7947ff12e6d66307183fea9e7f0ba102"
  integrity sha512-POZHq7UeuzMJljC5NjKi8vKMFN6/5EOqcX1yGntNLp7rUTpBAXQ1hW8kWPFxYLv07QMcNM75xqVLGPWQq6TKFA==

"@rollup/rollup-win32-x64-msvc@4.55.3":
  version "4.55.3"
  resolved "https://registry.yarnpkg.com/@rollup/rollup-win32-x64-msvc/-/rollup-win32-x64-msvc-4.55.3.tgz#9ab1cdbe4da2b84434ac9b0d5b4ba924a4e8734a"
  integrity sha512-aPFONczE4fUFKNXszdvnd2GqKEYQdV5oEsIbKPujJmWlCI9zEsv1Otig8RKK+X9bed9gFUN6LAeN4ZcNuu4zjg==

"@tauri-apps/api@^2.0.0":
  version "2.9.1"
  resolved "https://registry.yarnpkg.com/@tauri-apps/api/-/api-2.9.1.tgz#e539bfa437e53864fd5e7ed0f28e8217fbc74de1"
  integrity sha512-IGlhP6EivjXHepbBic618GOmiWe4URJiIeZFlB7x3czM0yDHHYviH1Xvoiv4FefdkQtn6v7TuwWCRfOGdnVUGw==

"@types/estree@1.0.8", "@types/estree@^1.0.0":
  version "1.0.8"
  resolved "https://registry.yarnpkg.com/@types/estree/-/estree-1.0.8.tgz#958b91c991b1867ced318bedea0e215ee050726e"
  integrity sha512-dWHzHa2WqEXI/O1E9OjrocMTKJl2mSrEolh1Iomrv6U+JuNwaHXsXx9bLu5gG7BUWFIN0skIQJQ/L1rIex4X6w==

estree-walker@^2.0.2:
  version "2.0.2"
  resolved "https://registry.yarnpkg.com/estree-walker/-/estree-walker-2.0.2.tgz#52f010178c2a4c117a7757cfe942adb7d2da4cac"
  integrity sha512-Rfkk/Mp/DL7JVje3u18FxFujQlTNR2q6QfMSMB7AvCBx91NGj/ba3kCfza0f6dVDbw7YlRf/nDrn7pQrCCyQ/w==

fsevents@~2.3.2:
  version "2.3.3"
  resolved "https://registry.yarnpkg.com/fsevents/-/fsevents-2.3.3.tgz#cac6407785d03675a2a5e1a5305c697b347d90d6"
  integrity sha512-5xoDfX+fL7faATnagmWPpbFtwh/R77WmMMqqHGS65C3vvB0YHrgF+B1YmZ3441tMj5n63k0212XNoJwzlhffQw==

function-bind@^1.1.2:
  version "1.1.2"
  resolved "https://registry.yarnpkg.com/function-bind/-/function-bind-1.1.2.tgz#2c02d864d97f3ea6c8830c464cbd11ab6eab7a1c"
  integrity sha512-7XHNxH7qX9xG5mIwxkhumTox/MIRNcOgDrxWsMt2pAr23WHp6MrRlN7FBSFpCpr+oVO0F744iUgR82nJMfG2SA==

hasown@^2.0.2:
  version "2.0.2"
  resolved "https://registry.yarnpkg.com/hasown/-/hasown-2.0.2.tgz#003eaf91be7adc372e84ec59dc37252cedb80003"
  integrity sha512-0hJU9SCPvmMzIBdZFqNPXWa6dqh7WdH0cII9y+CyS8rG3nL48Bclra9HmKhVVUHyPWNH5Y7xDwAB7bfgSjkUMQ==
  dependencies:
    function-bind "^1.1.2"

is-core-module@^2.16.1:
  version "2.16.1"
  resolved "https://registry.yarnpkg.com/is-core-module/-/is-core-module-2.16.1.tgz#2a98801a849f43e2add644fbb6bc6229b19a4ef4"
  integrity sha512-UfoeMA6fIJ8wTYFEUjelnaGI67v6+N7qXJEvQuIGa99l4xsCruSYOVSQ0uPANn4dAzm8lkYPaKLrrijLq7x23w==
  dependencies:
    hasown "^2.0.2"

path-parse@^1.0.7:
  version "1.0.7"
  resolved "https://registry.yarnpkg.com/path-parse/-/path-parse-1.0.7.tgz#fbc114b60ca42b30d9daf5858e4bd68bbedb6735"
  integrity sha512-LDJzPVEEEPR+y48z93A0Ed0yXb8pAByGWo/k5YYdYgpY2/2EsOsksJrq7lOHxryrVOn1ejG6oAp8ahvOIQD8sw==

picomatch@^4.0.2:
  version "4.0.3"
  resolved "https://registry.yarnpkg.com/picomatch/-/picomatch-4.0.3.tgz#796c76136d1eead715db1e7bad785dedd695a042"
  integrity sha512-5gTmgEY/sqK6gFXLIsQNH19lWb4ebPDLA4SdLP7dsWkIXHWlG66oPuVvXSGFPppYZz8ZDZq0dYYrbHfBCVUb1Q==

resolve@^1.22.1:
  version "1.22.11"
  resolved "https://registry.yarnpkg.com/resolve/-/resolve-1.22.11.tgz#aad857ce1ffb8bfa9b0b1ac29f1156383f68c262"
  integrity sha512-RfqAvLnMl313r7c9oclB1HhUEAezcpLjz95wFH4LVuhk9JF/r22qmVP9AMmOU4vMX7Q8pN8jwNg/CSpdFnMjTQ==
  dependencies:
    is-core-module "^2.16.1"
    path-parse "^1.0.7"
    supports-preserve-symlinks-flag "^1.0.0"

rollup@^4.9.6:
  version "4.55.3"
  resolved "https://registry.yarnpkg.com/rollup/-/rollup-4.55.3.tgz#46ffc0c0a4942a39e77a06a559689690f03c94c8"
  integrity sha512-y9yUpfQvetAjiDLtNMf1hL9NXchIJgWt6zIKeoB+tCd3npX08Eqfzg60V9DhIGVMtQ0AlMkFw5xa+AQ37zxnAA==
  dependencies:
    "@types/estree" "1.0.8"
  optionalDependencies:
    "@rollup/rollup-android-arm-eabi" "4.55.3"
    "@rollup/rollup-android-arm64" "4.55.3"
    "@rollup/rollup-darwin-arm64" "4.55.3"
    "@rollup/rollup-darwin-x64" "4.55.3"
    "@rollup/rollup-freebsd-arm64" "4.55.3"
    "@rollup/rollup-freebsd-x64" "4.55.3"
    "@rollup/rollup-linux-arm-gnueabihf" "4.55.3"
    "@rollup/rollup-linux-arm-musleabihf" "4.55.3"
    "@rollup/rollup-linux-arm64-gnu" "4.55.3"
    "@rollup/rollup-linux-arm64-musl" "4.55.3"
    "@rollup/rollup-linux-loong64-gnu" "4.55.3"
    "@rollup/rollup-linux-loong64-musl" "4.55.3"
    "@rollup/rollup-linux-ppc64-gnu" "4.55.3"
    "@rollup/rollup-linux-ppc64-musl" "4.55.3"
    "@rollup/rollup-linux-riscv64-gnu" "4.55.3"
    "@rollup/rollup-linux-riscv64-musl" "4.55.3"
    "@rollup/rollup-linux-s390x-gnu" "4.55.3"
    "@rollup/rollup-linux-x64-gnu" "4.55.3"
    "@rollup/rollup-linux-x64-musl" "4.55.3"
    "@rollup/rollup-openbsd-x64" "4.55.3"
    "@rollup/rollup-openharmony-arm64" "4.55.3"
    "@rollup/rollup-win32-arm64-msvc" "4.55.3"
    "@rollup/rollup-win32-ia32-msvc" "4.55.3"
    "@rollup/rollup-win32-x64-gnu" "4.55.3"
    "@rollup/rollup-win32-x64-msvc" "4.55.3"
    fsevents "~2.3.2"

supports-preserve-symlinks-flag@^1.0.0:
  version "1.0.0"
  resolved "https://registry.yarnpkg.com/supports-preserve-symlinks-flag/-/supports-preserve-symlinks-flag-1.0.0.tgz#6eda4bd344a3c94aea376d4cc31bc77311039e09"
  integrity sha512-ot0WnXS9fgdkgIcePe6RHNk1WA8+muPa6cSjeR3V8K27q9BB1rTE3R1p7Hv0z1ZyAc8s6Vvv8DIyWf681MAt0w==

tslib@^2.6.2:
  version "2.8.1"
  resolved "https://registry.yarnpkg.com/tslib/-/tslib-2.8.1.tgz#612efe4ed235d567e8aba5f2a5fab70280ade83f"
  integrity sha512-oJFu94HQb+KVduSUQL7wnpmqnfmLsOA/nAh6b6EH0wCEoK0/mPeXU6c3wKDV83MkOuHPRHtSXKKU99IBazS/2w==

typescript@^5.3.3:
  version "5.9.3"
  resolved "https://registry.yarnpkg.com/typescript/-/typescript-5.9.3.tgz#5b4f59e15310ab17a216f5d6cf53ee476ede670f"
  integrity sha512-jl1vZzPDinLr9eUt3J/t7V6FgNEw9QjvBPdysz9KfQDD41fQrC2Y4vKQdiaUpFT4bXlb1RHhLpp8wtm6M5TgSw==
